// !$*UTF8*$!
{
	archiveVersion = 1;
	classes = {
	};
	objectVersion = 46;
	objects = {

/* Begin PBXBuildFile section */
		BA52BE881E5F7C1F0057AB13 /* AppDelegate.swift in Sources */ = {isa = PBXBuildFile; fileRef = BA52BE871E5F7C1F0057AB13 /* AppDelegate.swift */; };
		BA52BE8A1E5F7C1F0057AB13 /* ViewController.swift in Sources */ = {isa = PBXBuildFile; fileRef = BA52BE891E5F7C1F0057AB13 /* ViewController.swift */; };
		BA52BE8D1E5F7C1F0057AB13 /* Main.storyboard in Resources */ = {isa = PBXBuildFile; fileRef = BA52BE8B1E5F7C1F0057AB13 /* Main.storyboard */; };
		BA52BE8F1E5F7C1F0057AB13 /* Assets.xcassets in Resources */ = {isa = PBXBuildFile; fileRef = BA52BE8E1E5F7C1F0057AB13 /* Assets.xcassets */; };
		BA52BE921E5F7C1F0057AB13 /* LaunchScreen.storyboard in Resources */ = {isa = PBXBuildFile; fileRef = BA52BE901E5F7C1F0057AB13 /* LaunchScreen.storyboard */; };
/* End PBXBuildFile section */

/* Begin PBXFileReference section */
		BA52BE841E5F7C1F0057AB13 /* MemeMe.app */ = {isa = PBXFileReference; explicitFileType = wrapper.application; includeInIndex = 0; path = MemeMe.app; sourceTree = BUILT_PRODUCTS_DIR; };
		BA52BE871E5F7C1F0057AB13 /* AppDelegate.swift */ = {isa = PBXFileReference; lastKnownFileType = sourcecode.swift; path = AppDelegate.swift; sourceTree = "<group>"; };
		BA52BE891E5F7C1F0057AB13 /* ViewController.swift */ = {isa = PBXFileReference; lastKnownFileType = sourcecode.swift; path = ViewController.swift; sourceTree = "<group>"; };
		BA52BE8C1E5F7C1F0057AB13 /* Base */ = {isa = PBXFileReference; lastKnownFileType = file.storyboard; name = Base; path = Base.lproj/Main.storyboard; sourceTree = "<group>"; };
		BA52BE8E1E5F7C1F0057AB13 /* Assets.xcassets */ = {isa = PBXFileReference; lastKnownFileType = folder.assetcatalog; path = Assets.xcassets; sourceTree = "<group>"; };
		BA52BE911E5F7C1F0057AB13 /* Base */ = {isa = PBXFileReference; lastKnownFileType = file.storyboard; name = Base; path = Base.lproj/LaunchScreen.storyboard; sourceTree = "<group>"; };
		BA52BE931E5F7C1F0057AB13 /* Info.plist */ = {isa = PBXFileReference; lastKnownFileType = text.plist.xml; path = Info.plist; sourceTree = "<group>"; };
/* End PBXFileReference section */

/* Begin PBXFrameworksBuildPhase section */
		BA52BE811E5F7C1E0057AB13 /* Frameworks */ = {
			isa = PBXFrameworksBuildPhase;
			buildActionMask = 2147483647;
			files = (
			);
			runOnlyForDeploymentPostprocessing = 0;
		};
/* End PBXFrameworksBuildPhase section */

/* Begin PBXGroup section */
		BA52BE7B1E5F7C1E0057AB13 = {
			isa = PBXGroup;
			children = (
				BA52BE861E5F7C1F0057AB13 /* MemeMe */,
				BA52BE851E5F7C1F0057AB13 /* Products */,
			);
			sourceTree = "<group>";
		};
		BA52BE851E5F7C1F0057AB13 /* Products */ = {
			isa = PBXGroup;
			children = (
				BA52BE841E5F7C1F0057AB13 /* MemeMe.app */,
			);
			name = Products;
			sourceTree = "<group>";
		};
		BA52BE861E5F7C1F0057AB13 /* MemeMe */ = {
			isa = PBXGroup;
			children = (
				BA52BE871E5F7C1F0057AB13 /* AppDelegate.swift */,
				BA52BE891E5F7C1F0057AB13 /* ViewController.swift */,
				BA52BE8B1E5F7C1F0057AB13 /* Main.storyboard */,
				BA52BE8E1E5F7C1F0057AB13 /* Assets.xcassets */,
				BA52BE901E5F7C1F0057AB13 /* LaunchScreen.storyboard */,
				BA52BE931E5F7C1F0057AB13 /* Info.plist */,
			);
			path = MemeMe;
			sourceTree = "<group>";
		};
/* End PBXGroup section */

/* Begin PBXNativeTarget section */
		BA52BE831E5F7C1E0057AB13 /* MemeMe */ = {
			isa = PBXNativeTarget;
			buildConfigurationList = BA52BE961E5F7C1F0057AB13 /* Build configuration list for PBXNativeTarget "MemeMe" */;
			buildPhases = (
				BA52BE801E5F7C1E0057AB13 /* Sources */,
				BA52BE811E5F7C1E0057AB13 /* Frameworks */,
				BA52BE821E5F7C1E0057AB13 /* Resources */,
			);
			buildRules = (
			);
			dependencies = (
			);
			name = MemeMe;
			productName = MemeMe;
			productReference = BA52BE841E5F7C1F0057AB13 /* MemeMe.app */;
			productType = "com.apple.product-type.application";
		};
/* End PBXNativeTarget section */

/* Begin PBXProject section */
		BA52BE7C1E5F7C1E0057AB13 /* Project object */ = {
			isa = PBXProject;
			attributes = {
				LastSwiftUpdateCheck = 0820;
				LastUpgradeCheck = 0820;
				ORGANIZATIONNAME = "Sahil Dhawan";
				TargetAttributes = {
					BA52BE831E5F7C1E0057AB13 = {
						CreatedOnToolsVersion = 8.2.1;
						DevelopmentTeam = 7Q7M69XNR3;
						ProvisioningStyle = Automatic;
					};
				};
			};
			buildConfigurationList = BA52BE7F1E5F7C1E0057AB13 /* Build configuration list for PBXProject "MemeMe" */;
			compatibilityVersion = "Xcode 3.2";
			developmentRegion = English;
			hasScannedForEncodings = 0;
			knownRegions = (
				en,
				Base,
			);
			mainGroup = BA52BE7B1E5F7C1E0057AB13;
			productRefGroup = BA52BE851E5F7C1F0057AB13 /* Products */;
			projectDirPath = "";
			projectRoot = "";
			targets = (
				BA52BE831E5F7C1E0057AB13 /* MemeMe */,
			);
		};
/* End PBXProject section */

/* Begin PBXResourcesBuildPhase section */
		BA52BE821E5F7C1E0057AB13 /* Resources */ = {
			isa = PBXResourcesBuildPhase;
			buildActionMask = 2147483647;
			files = (
				BA52BE921E5F7C1F0057AB13 /* LaunchScreen.storyboard in Resources */,
				BA52BE8F1E5F7C1F0057AB13 /* Assets.xcassets in Resources */,
				BA52BE8D1E5F7C1F0057AB13 /* Main.storyboard in Resources */,
			);
			runOnlyForDeploymentPostprocessing = 0;
		};
/* End PBXResourcesBuildPhase section */

/* Begin PBXSourcesBuildPhase section */
		BA52BE801E5F7C1E0057AB13 /* Sources */ = {
			isa = PBXSourcesBuildPhase;
			buildActionMask = 2147483647;
			files = (
				BA52BE8A1E5F7C1F0057AB13 /* ViewController.swift in Sources */,
				BA52BE881E5F7C1F0057AB13 /* AppDelegate.swift in Sources */,
			);
			runOnlyForDeploymentPostprocessing = 0;
		};
/* End PBXSourcesBuildPhase section */

/* Begin PBXVariantGroup section */
		BA52BE8B1E5F7C1F0057AB13 /* Main.storyboard */ = {
			isa = PBXVariantGroup;
			children = (
				BA52BE8C1E5F7C1F0057AB13 /* Base */,
			);
			name = Main.storyboard;
			sourceTree = "<group>";
		};
		BA52BE901E5F7C1F0057AB13 /* LaunchScreen.storyboard */ = {
			isa = PBXVariantGroup;
			children = (
				BA52BE911E5F7C1F0057AB13 /* Base */,
			);
			name = LaunchScreen.storyboard;
			sourceTree = "<group>";
		};
/* End PBXVariantGroup section */

/* Begin XCBuildConfiguration section */
		BA52BE941E5F7C1F0057AB13 /* Debug */ = {
			isa = XCBuildConfiguration;
			buildSettings = {
				ALWAYS_SEARCH_USER_PATHS = NO;
				CLANG_ANALYZER_NONNULL = YES;
				CLANG_CXX_LANGUAGE_STANDARD = "gnu++0x";
				CLANG_CXX_LIBRARY = "libc++";
				CLANG_ENABLE_MODULES = YES;
				CLANG_ENABLE_OBJC_ARC = YES;
				CLANG_WARN_BOOL_CONVERSION = YES;
				CLANG_WARN_CONSTANT_CONVERSION = YES;
				CLANG_WARN_DIRECT_OBJC_ISA_USAGE = YES_ERROR;
				CLANG_WARN_DOCUMENTATION_COMMENTS = YES;
				CLANG_WARN_EMPTY_BODY = YES;
				CLANG_WARN_ENUM_CONVERSION = YES;
				CLANG_WARN_INFINITE_RECURSION = YES;
				CLANG_WARN_INT_CONVERSION = YES;
				CLANG_WARN_OBJC_ROOT_CLASS = YES_ERROR;
				CLANG_WARN_SUSPICIOUS_MOVE = YES;
				CLANG_WARN_UNREACHABLE_CODE = YES;
				CLANG_WARN__DUPLICATE_METHOD_MATCH = YES;
				"CODE_SIGN_IDENTITY[sdk=iphoneos*]" = "iPhone Developer";
				COPY_PHASE_STRIP = NO;
				DEBUG_INFORMATION_FORMAT = dwarf;
				ENABLE_STRICT_OBJC_MSGSEND = YES;
				ENABLE_TESTABILITY = YES;
				GCC_C_LANGUAGE_STANDARD = gnu99;
				GCC_DYNAMIC_NO_PIC = NO;
				GCC_NO_COMMON_BLOCKS = YES;
				GCC_OPTIMIZATION_LEVEL = 0;
				GCC_PREPROCESSOR_DEFINITIONS = (
					"DEBUG=1",
					"$(inherited)",
				);
				GCC_WARN_64_TO_32_BIT_CONVERSION = YES;
				GCC_WARN_ABOUT_RETURN_TYPE = YES_ERROR;
				GCC_WARN_UNDECLARED_SELECTOR = YES;
				GCC_WARN_UNINITIALIZED_AUTOS = YES_AGGRESSIVE;
				GCC_WARN_UNUSED_FUNCTION = YES;
				GCC_WARN_UNUSED_VARIABLE = YES;
				IPHONEOS_DEPLOYMENT_TARGET = 10.2;
				MTL_ENABLE_DEBUG_INFO = YES;
				ONLY_ACTIVE_ARCH = YES;
				SDKROOT = iphoneos;
				SWIFT_ACTIVE_COMPILATION_CONDITIONS = DEBUG;
				SWIFT_OPTIMIZATION_LEVEL = "-Onone";
				TARGETED_DEVICE_FAMILY = "1,2";
			};
			name = Debug;
		};
		BA52BE951E5F7C1F0057AB13 /* Release */ = {
			isa = XCBuildConfiguration;
			buildSettings = {
				ALWAYS_SEARCH_USER_PATHS = NO;
				CLANG_ANALYZER_NONNULL = YES;
				CLANG_CXX_LANGUAGE_STANDARD = "gnu++0x";
				CLANG_CXX_LIBRARY = "libc++";
				CLANG_ENABLE_MODULES = YES;
				CLANG_ENABLE_OBJC_ARC = YES;
				CLANG_WARN_BOOL_CONVERSION = YES;
				CLANG_WARN_CONSTANT_CONVERSION = YES;
				CLANG_WARN_DIRECT_OBJC_ISA_USAGE = YES_ERROR;
				CLANG_WARN_DOCUMENTATION_COMMENTS = YES;
				CLANG_WARN_EMPTY_BODY = YES;
				CLANG_WARN_ENUM_CONVERSION = YES;
				CLANG_WARN_INFINITE_RECURSION = YES;
				CLANG_WARN_INT_CONVERSION = YES;
				CLANG_WARN_OBJC_ROOT_CLASS = YES_ERROR;
				CLANG_WARN_SUSPICIOUS_MOVE = YES;
				CLANG_WARN_UNREACHABLE_CODE = YES;
				CLANG_WARN__DUPLICATE_METHOD_MATCH = YES;
				"CODE_SIGN_IDENTITY[sdk=iphoneos*]" = "iPhone Developer";
				COPY_PHASE_STRIP = NO;
				DEBUG_INFORMATION_FORMAT = "dwarf-with-dsym";
				ENABLE_NS_ASSERTIONS = NO;
				ENABLE_STRICT_OBJC_MSGSEND = YES;
				GCC_C_LANGUAGE_STANDARD = gnu99;
				GCC_NO_COMMON_BLOCKS = YES;
				GCC_WARN_64_TO_32_BIT_CONVERSION = YES;
				GCC_WARN_ABOUT_RETURN_TYPE = YES_ERROR;
				GCC_WARN_UNDECLARED_SELECTOR = YES;
				GCC_WARN_UNINITIALIZED_AUTOS = YES_AGGRESSIVE;
				GCC_WARN_UNUSED_FUNCTION = YES;
				GCC_WARN_UNUSED_VARIABLE = YES;
				IPHONEOS_DEPLOYMENT_TARGET = 10.2;
				MTL_ENABLE_DEBUG_INFO = NO;
				SDKROOT = iphoneos;
				SWIFT_OPTIMIZATION_LEVEL = "-Owholemodule";
				TARGETED_DEVICE_FAMILY = "1,2";
				VALIDATE_PRODUCT = YES;
			};
			name = Release;
		};
		BA52BE971E5F7C1F0057AB13 /* Debug */ = {
			isa = XCBuildConfiguration;
			buildSettings = {
				ASSETCATALOG_COMPILER_APPICON_NAME = AppIcon;
				DEVELOPMENT_TEAM = 7Q7M69XNR3;
				INFOPLIST_FILE = MemeMe/Info.plist;
				LD_RUNPATH_SEARCH_PATHS = "$(inherited) @executable_path/Frameworks";
				PRODUCT_BUNDLE_IDENTIFIER = "dhawan-sahil.MemeMe";
				PRODUCT_NAME = "$(TARGET_NAME)";
				SWIFT_VERSION = 3.0;
			};
			name = Debug;
		};
		BA52BE981E5F7C1F0057AB13 /* Release */ = {
			isa = XCBuildConfiguration;
			buildSettings = {
				ASSETCATALOG_COMPILER_APPICON_NAME = AppIcon;
				DEVELOPMENT_TEAM = 7Q7M69XNR3;
				INFOPLIST_FILE = MemeMe/Info.plist;
				LD_RUNPATH_SEARCH_PATHS = "$(inherited) @executable_path/Frameworks";
				PRODUCT_BUNDLE_IDENTIFIER = "dhawan-sahil.MemeMe";
				PRODUCT_NAME = "$(TARGET_NAME)";
				SWIFT_VERSION = 3.0;
			};
			name = Release;
		};
/* End XCBuildConfiguration section */

/* Begin XCConfigurationList section */
		BA52BE7F1E5F7C1E0057AB13 /* Build configuration list for PBXProject "MemeMe" */ = {
			isa = XCConfigurationList;
			buildConfigurations = (
				BA52BE941E5F7C1F0057AB13 /* Debug */,
				BA52BE951E5F7C1F0057AB13 /* Release */,
			);
			defaultConfigurationIsVisible = 0;
			defaultConfigurationName = Release;
		};
		BA52BE961E5F7C1F0057AB13 /* Build configuration list for PBXNativeTarget "MemeMe" */ = {
			isa = XCConfigurationList;
			buildConfigurations = (
				BA52BE971E5F7C1F0057AB13 /* Debug */,
				BA52BE981E5F7C1F0057AB13 /* Release */,
			);
			defaultConfigurationIsVisible = 0;
		};
/* End XCConfigurationList section */
	};
	rootObject = BA52BE7C1E5F7C1E0057AB13 /* Project object */;
}
